
Microsoft Visual Studio Solution File, Format Version 12.00
# Visual Studio Version 17
VisualStudioVersion = 17.14.36915.13 d17.14
MinimumVisualStudioVersion = 10.0.40219.1
Project("{FAE04EC0-301F-11D3-BF4B-00C04F79EFBC}") = "ExtensionesBiblioteca", "ExtensionesBiblioteca.csproj", "{C18ECD7C-4573-4199-8C9F-0AB64CECFF03}"
EndProject
Global
	GlobalSection(SolutionConfigurationPlatforms) = preSolution
		Debug|Any CPU = Debug|Any CPU
		Release|Any CPU = Release|Any CPU
	EndGlobalSection
	GlobalSection(ProjectConfigurationPlatforms) = postSolution
		{C18ECD7C-4573-4199-8C9F-0AB64CECFF03}.Debug|Any CPU.ActiveCfg = Debug|Any CPU
		{C18ECD7C-4573-4199-8C9F-0AB64CECFF03}.Debug|Any CPU.Build.0 = Debug|Any CPU
		{C18ECD7C-4573-4199-8C9F-0AB64CECFF03}.Release|Any CPU.ActiveCfg = Release|Any CPU
		{C18ECD7C-4573-4199-8C9F-0AB64CECFF03}.Release|Any CPU.Build.0 = Release|Any CPU
	EndGlobalSection
	GlobalSection(SolutionProperties) = preSolution
		HideSolutionNode = FALSE
	EndGlobalSection
	GlobalSection(ExtensibilityGlobals) = postSolution
		SolutionGuid = {1C46A86D-EFC0-46CA-A2CD-544D18FC175F}
	EndGlobalSection
EndGlobal
