
Microsoft Visual Studio Solution File, Format Version 12.00
# Visual Studio Version 17
VisualStudioVersion = 17.14.36915.13 d17.14
MinimumVisualStudioVersion = 10.0.40219.1
Project("{FAE04EC0-301F-11D3-BF4B-00C04F79EFBC}") = "SistemaGestionGimnasio", "SistemaGestionGimnasio.csproj", "{D88C89B1-32D2-4D22-8ED4-F46B446C86A2}"
EndProject
Global
	GlobalSection(SolutionConfigurationPlatforms) = preSolution
		Debug|Any CPU = Debug|Any CPU
		Release|Any CPU = Release|Any CPU
	EndGlobalSection
	GlobalSection(ProjectConfigurationPlatforms) = postSolution
		{D88C89B1-32D2-4D22-8ED4-F46B446C86A2}.Debug|Any CPU.ActiveCfg = Debug|Any CPU
		{D88C89B1-32D2-4D22-8ED4-F46B446C86A2}.Debug|Any CPU.Build.0 = Debug|Any CPU
		{D88C89B1-32D2-4D22-8ED4-F46B446C86A2}.Release|Any CPU.ActiveCfg = Release|Any CPU
		{D88C89B1-32D2-4D22-8ED4-F46B446C86A2}.Release|Any CPU.Build.0 = Release|Any CPU
	EndGlobalSection
	GlobalSection(SolutionProperties) = preSolution
		HideSolutionNode = FALSE
	EndGlobalSection
	GlobalSection(ExtensibilityGlobals) = postSolution
		SolutionGuid = {E933B295-3880-4C05-AFF5-780A53F2C892}
	EndGlobalSection
EndGlobal
