
Microsoft Visual Studio Solution File, Format Version 12.00
# Visual Studio Version 17
VisualStudioVersion = 17.14.36915.13 d17.14
MinimumVisualStudioVersion = 10.0.40219.1
Project("{FAE04EC0-301F-11D3-BF4B-00C04F79EFBC}") = "MonitoreoDrones.Dominio", "MonitoreoDrones.Dominio\MonitoreoDrones.Dominio.csproj", "{BF94B08C-BFEC-4AED-9C1C-8C7EA13310AA}"
EndProject
Project("{FAE04EC0-301F-11D3-BF4B-00C04F79EFBC}") = "MonitoreoDrones.Extensiones", "MonitoreoDrones.Extensiones\MonitoreoDrones.Extensiones.csproj", "{B91344BE-0417-4D90-B8D3-F79FB277F158}"
EndProject
Project("{FAE04EC0-301F-11D3-BF4B-00C04F79EFBC}") = "MonitoreoDrones.Utilidades", "MonitoreoDrones.Utilidades\MonitoreoDrones.Utilidades.csproj", "{DDB1DE59-AE1F-477F-89E3-D2D262D3C499}"
EndProject
Project("{FAE04EC0-301F-11D3-BF4B-00C04F79EFBC}") = "MonitoreoDrones.App", "MonitoreoDrones.App\MonitoreoDrones.App.csproj", "{4A3F5494-18CE-412B-A15F-83992CB9DE10}"
EndProject
Global
	GlobalSection(SolutionConfigurationPlatforms) = preSolution
		Debug|Any CPU = Debug|Any CPU
		Release|Any CPU = Release|Any CPU
	EndGlobalSection
	GlobalSection(ProjectConfigurationPlatforms) = postSolution
		{BF94B08C-BFEC-4AED-9C1C-8C7EA13310AA}.Debug|Any CPU.ActiveCfg = Debug|Any CPU
		{BF94B08C-BFEC-4AED-9C1C-8C7EA13310AA}.Debug|Any CPU.Build.0 = Debug|Any CPU
		{BF94B08C-BFEC-4AED-9C1C-8C7EA13310AA}.Release|Any CPU.ActiveCfg = Release|Any CPU
		{BF94B08C-BFEC-4AED-9C1C-8C7EA13310AA}.Release|Any CPU.Build.0 = Release|Any CPU
		{B91344BE-0417-4D90-B8D3-F79FB277F158}.Debug|Any CPU.ActiveCfg = Debug|Any CPU
		{B91344BE-0417-4D90-B8D3-F79FB277F158}.Debug|Any CPU.Build.0 = Debug|Any CPU
		{B91344BE-0417-4D90-B8D3-F79FB277F158}.Release|Any CPU.ActiveCfg = Release|Any CPU
		{B91344BE-0417-4D90-B8D3-F79FB277F158}.Release|Any CPU.Build.0 = Release|Any CPU
		{DDB1DE59-AE1F-477F-89E3-D2D262D3C499}.Debug|Any CPU.ActiveCfg = Debug|Any CPU
		{DDB1DE59-AE1F-477F-89E3-D2D262D3C499}.Debug|Any CPU.Build.0 = Debug|Any CPU
		{DDB1DE59-AE1F-477F-89E3-D2D262D3C499}.Release|Any CPU.ActiveCfg = Release|Any CPU
		{DDB1DE59-AE1F-477F-89E3-D2D262D3C499}.Release|Any CPU.Build.0 = Release|Any CPU
		{4A3F5494-18CE-412B-A15F-83992CB9DE10}.Debug|Any CPU.ActiveCfg = Debug|Any CPU
		{4A3F5494-18CE-412B-A15F-83992CB9DE10}.Debug|Any CPU.Build.0 = Debug|Any CPU
		{4A3F5494-18CE-412B-A15F-83992CB9DE10}.Release|Any CPU.ActiveCfg = Release|Any CPU
		{4A3F5494-18CE-412B-A15F-83992CB9DE10}.Release|Any CPU.Build.0 = Release|Any CPU
	EndGlobalSection
	GlobalSection(SolutionProperties) = preSolution
		HideSolutionNode = FALSE
	EndGlobalSection
	GlobalSection(ExtensibilityGlobals) = postSolution
		SolutionGuid = {15FA6996-2E2A-471D-9A10-466FE2B769BD}
	EndGlobalSection
EndGlobal
